
Microsoft Visual Studio Solution File, Format Version 12.00
# Visual Studio Version 16
VisualStudioVersion = 16.0.32126.315
MinimumVisualStudioVersion = 10.0.40219.1
Project("{FAE04EC0-301F-11D3-BF4B-00C04F79EFBC}") = "WinFormsApp1_tarea_11", "WinFormsApp1_tarea_11\WinFormsApp1_tarea_11.csproj", "{7B40738B-F5C0-48F0-8E29-A9D599B56A9B}"
EndProject
Global
	GlobalSection(SolutionConfigurationPlatforms) = preSolution
		Debug|Any CPU = Debug|Any CPU
		Release|Any CPU = Release|Any CPU
	EndGlobalSection
	GlobalSection(ProjectConfigurationPlatforms) = postSolution
		{7B40738B-F5C0-48F0-8E29-A9D599B56A9B}.Debug|Any CPU.ActiveCfg = Debug|Any CPU
		{7B40738B-F5C0-48F0-8E29-A9D599B56A9B}.Debug|Any CPU.Build.0 = Debug|Any CPU
		{7B40738B-F5C0-48F0-8E29-A9D599B56A9B}.Release|Any CPU.ActiveCfg = Release|Any CPU
		{7B40738B-F5C0-48F0-8E29-A9D599B56A9B}.Release|Any CPU.Build.0 = Release|Any CPU
	EndGlobalSection
	GlobalSection(SolutionProperties) = preSolution
		HideSolutionNode = FALSE
	EndGlobalSection
	GlobalSection(ExtensibilityGlobals) = postSolution
		SolutionGuid = {1B0DFADA-CD36-4932-9444-3D7178181E05}
	EndGlobalSection
EndGlobal
